# THIS IS AN AUTOGENERATED FILE. DO NOT EDIT THIS FILE DIRECTLY.
# yarn lockfile v1


"@esbuild-kit/cjs-loader@^2.4.0":
  version "2.4.0"
  resolved "https://registry.yarnpkg.com/@esbuild-kit/cjs-loader/-/cjs-loader-2.4.0.tgz#643c4b2855a18f31cd983794536d4ff64d3b410d"
  integrity sha512-DBBCiHPgL2B/elUpvCDhNHXnlZQ9sfO2uyt1OJyAXKT41beQEFY4OxZ6gwS+ZesRCbZ6JV8M7GEyOPkjv8kdIw==
  dependencies:
    "@esbuild-kit/core-utils" "^3.0.0"
    get-tsconfig "^4.2.0"

"@esbuild-kit/core-utils@^3.0.0":
  version "3.0.0"
  resolved "https://registry.yarnpkg.com/@esbuild-kit/core-utils/-/core-utils-3.0.0.tgz#e0f8463a32b4a9c9b456a7f9c31a5e038c8d2c19"
  integrity sha512-TXmwH9EFS3DC2sI2YJWJBgHGhlteK0Xyu1VabwetMULfm3oYhbrsWV5yaSr2NTWZIgDGVLHbRf0inxbjXqAcmQ==
  dependencies:
    esbuild "~0.15.10"
    source-map-support "^0.5.21"

"@esbuild-kit/esm-loader@^2.5.0":
  version "2.5.0"
  resolved "https://registry.yarnpkg.com/@esbuild-kit/esm-loader/-/esm-loader-2.5.0.tgz#af208eb9e0449038e7f35957ec51b7e70135e116"
  integrity sha512-ySs0qOsiwj+hsgZM9/MniGdvfa9/WzqfFuIia8/5gSUPeIQIX2/tG91QakxPFOR35VFiwTB7wCiHtiS6dc6SkA==
  dependencies:
    "@esbuild-kit/core-utils" "^3.0.0"
    get-tsconfig "^4.2.0"

"@esbuild/android-arm@0.15.11":
  version "0.15.11"
  resolved "https://registry.yarnpkg.com/@esbuild/android-arm/-/android-arm-0.15.11.tgz#bdd9c3e098183bdca97075aa4c3e0152ed3e10ee"
  integrity sha512-PzMcQLazLBkwDEkrNPi9AbjFt6+3I7HKbiYF2XtWQ7wItrHvEOeO3T8Am434zAozWtVP7lrTue1bEfc2nYWeCA==

"@esbuild/linux-loong64@0.15.11":
  version "0.15.11"
  resolved "https://registry.yarnpkg.com/@esbuild/linux-loong64/-/linux-loong64-0.15.11.tgz#2f4f9a1083dcb4fc65233b6f59003c406abf32e5"
  integrity sha512-geWp637tUhNmhL3Xgy4Bj703yXB9dqiLJe05lCUfjSFDrQf9C/8pArusyPUbUbPwlC/EAUjBw32sxuIl/11dZw==

"@octokit/app@^13.0.5":
  version "13.0.11"
  resolved "https://registry.yarnpkg.com/@octokit/app/-/app-13.0.11.tgz#6c61b9a614e0d913e4cb0201bb0911d5115f28c0"
  integrity sha512-qlUynCN1+BNYQ6VaJOMCqDdCo/2yzPixuoFnbcUThakRV+5969Tp+LTAtsZWjjb/tUHfutaAYOnsia1EGTAzfA==
  dependencies:
    "@octokit/auth-app" "^4.0.0"
    "@octokit/auth-unauthenticated" "^3.0.0"
    "@octokit/core" "^4.0.0"
    "@octokit/oauth-app" "^4.0.7"
    "@octokit/plugin-paginate-rest" "^5.0.0"
    "@octokit/types" "^8.0.0"
    "@octokit/webhooks" "^10.0.0"

"@octokit/auth-app@^4.0.0":
  version "4.0.7"
  resolved "https://registry.yarnpkg.com/@octokit/auth-app/-/auth-app-4.0.7.tgz#417c327e6a7ada1e6e9651db681146f8c12728e3"
  integrity sha512-hjjVCoI/+1oLminVHJPPexguYb9FP4Q60hEHExgy1uAKMMJ5Zf8iJIeRJlIIqneTb4vt7NvUTEj4YDxBLZ1FLg==
  dependencies:
    "@octokit/auth-oauth-app" "^5.0.0"
    "@octokit/auth-oauth-user" "^2.0.0"
    "@octokit/request" "^6.0.0"
    "@octokit/request-error" "^3.0.0"
    "@octokit/types" "^8.0.0"
    "@types/lru-cache" "^5.1.0"
    deprecation "^2.3.1"
    lru-cache "^6.0.0"
    universal-github-app-jwt "^1.0.1"
    universal-user-agent "^6.0.0"

"@octokit/auth-oauth-app@^5.0.0":
  version "5.0.4"
  resolved "https://registry.yarnpkg.com/@octokit/auth-oauth-app/-/auth-oauth-app-5.0.4.tgz#ebd9a38f75381093d1a5e08e05b70b94f0918277"
  integrity sha512-zlWuii5hAN50vsV6SJC+uIJ7SMhyWjQMEmKJQxkmNDlieE9LjnkZnbOjqRsfcG7VO7WTl4K8ccpo/3A7Kdpmrw==
  dependencies:
    "@octokit/auth-oauth-device" "^4.0.0"
    "@octokit/auth-oauth-user" "^2.0.0"
    "@octokit/request" "^6.0.0"
    "@octokit/types" "^8.0.0"
    "@types/btoa-lite" "^1.0.0"
    btoa-lite "^1.0.0"
    universal-user-agent "^6.0.0"

"@octokit/auth-oauth-device@^4.0.0":
  version "4.0.3"
  resolved "https://registry.yarnpkg.com/@octokit/auth-oauth-device/-/auth-oauth-device-4.0.3.tgz#00ce77233517e0d7d39e42a02652f64337d9df81"
  integrity sha512-KPTx5nMntKjNZzzltO3X4T68v22rd7Cp/TcLJXQE2U8aXPcZ9LFuww9q9Q5WUNSu3jwi3lRwzfkPguRfz1R8Vg==
  dependencies:
    "@octokit/oauth-methods" "^2.0.0"
    "@octokit/request" "^6.0.0"
    "@octokit/types" "^8.0.0"
    universal-user-agent "^6.0.0"

"@octokit/auth-oauth-user@^2.0.0":
  version "2.0.4"
  resolved "https://registry.yarnpkg.com/@octokit/auth-oauth-user/-/auth-oauth-user-2.0.4.tgz#88f060ec678d7d493695af8d827e115dd064e212"
  integrity sha512-HrbDzTPqz6GcGSOUkR+wSeF3vEqsb9NMsmPja/qqqdiGmlk/Czkxctc3KeWYogHonp62Ml4kjz2VxKawrFsadQ==
  dependencies:
    "@octokit/auth-oauth-device" "^4.0.0"
    "@octokit/oauth-methods" "^2.0.0"
    "@octokit/request" "^6.0.0"
    "@octokit/types" "^8.0.0"
    btoa-lite "^1.0.0"
    universal-user-agent "^6.0.0"

"@octokit/auth-token@^3.0.0":
  version "3.0.2"
  resolved "https://registry.yarnpkg.com/@octokit/auth-token/-/auth-token-3.0.2.tgz#a0fc8de149fd15876e1ac78f6525c1c5ab48435f"
  integrity sha512-pq7CwIMV1kmzkFTimdwjAINCXKTajZErLB4wMLYapR2nuB/Jpr66+05wOTZMSCBXP6n4DdDWT2W19Bm17vU69Q==
  dependencies:
    "@octokit/types" "^8.0.0"

"@octokit/auth-unauthenticated@^3.0.0":
  version "3.0.3"
  resolved "https://registry.yarnpkg.com/@octokit/auth-unauthenticated/-/auth-unauthenticated-3.0.3.tgz#2fa91ca84a8c8cec244241c2a13732fc5a404a22"
  integrity sha512-IyfLo1T5GmIC9+07hHGlD3gHtZI1Bona8PLhHXUnwcYDuZt0BhjlNJDYMoPG21C4r7v7+ZSxQHBKrGgkxpYb7A==
  dependencies:
    "@octokit/request-error" "^3.0.0"
    "@octokit/types" "^8.0.0"

"@octokit/core@^4.0.0", "@octokit/core@^4.0.4":
  version "4.1.0"
  resolved "https://registry.yarnpkg.com/@octokit/core/-/core-4.1.0.tgz#b6b03a478f1716de92b3f4ec4fd64d05ba5a9251"
  integrity sha512-Czz/59VefU+kKDy+ZfDwtOIYIkFjExOKf+HA92aiTZJ6EfWpFzYQWw0l54ji8bVmyhc+mGaLUbSUmXazG7z5OQ==
  dependencies:
    "@octokit/auth-token" "^3.0.0"
    "@octokit/graphql" "^5.0.0"
    "@octokit/request" "^6.0.0"
    "@octokit/request-error" "^3.0.0"
    "@octokit/types" "^8.0.0"
    before-after-hook "^2.2.0"
    universal-user-agent "^6.0.0"

"@octokit/endpoint@^7.0.0":
  version "7.0.3"
  resolved "https://registry.yarnpkg.com/@octokit/endpoint/-/endpoint-7.0.3.tgz#0b96035673a9e3bedf8bab8f7335de424a2147ed"
  integrity sha512-57gRlb28bwTsdNXq+O3JTQ7ERmBTuik9+LelgcLIVfYwf235VHbN9QNo4kXExtp/h8T423cR5iJThKtFYxC7Lw==
  dependencies:
    "@octokit/types" "^8.0.0"
    is-plain-object "^5.0.0"
    universal-user-agent "^6.0.0"

"@octokit/graphql@^5.0.0":
  version "5.0.3"
  resolved "https://registry.yarnpkg.com/@octokit/graphql/-/graphql-5.0.3.tgz#1ff6577d356632c594f0f0db7bb5903e4e3ddb8d"
  integrity sha512-VjhqOu2CHo2hwank1y2k8YcqF83zJW6upyP1+0l3wegvpq+4H31zOA5Rkyx76uJBUdJooUR5UnFyclBptzl86Q==
  dependencies:
    "@octokit/request" "^6.0.0"
    "@octokit/types" "^8.0.0"
    universal-user-agent "^6.0.0"

"@octokit/oauth-app@^4.0.6", "@octokit/oauth-app@^4.0.7":
  version "4.1.0"
  resolved "https://registry.yarnpkg.com/@octokit/oauth-app/-/oauth-app-4.1.0.tgz#23782e77141015a4a3483820cd339ea62e85bb85"
  integrity sha512-dGZcfmwPkS3VZ9CNnvNszp6mlnbOZh9+/uPNiK/AkvSUJGXTbUVIZTkMvAjbyIFw2WlIx++hhtrTeKNJq6uMbw==
  dependencies:
    "@octokit/auth-oauth-app" "^5.0.0"
    "@octokit/auth-oauth-user" "^2.0.0"
    "@octokit/auth-unauthenticated" "^3.0.0"
    "@octokit/core" "^4.0.0"
    "@octokit/oauth-authorization-url" "^5.0.0"
    "@octokit/oauth-methods" "^2.0.0"
    "@types/aws-lambda" "^8.10.83"
    fromentries "^1.3.1"
    universal-user-agent "^6.0.0"

"@octokit/oauth-authorization-url@^5.0.0":
  version "5.0.0"
  resolved "https://registry.yarnpkg.com/@octokit/oauth-authorization-url/-/oauth-authorization-url-5.0.0.tgz#029626ce87f3b31addb98cd0d2355c2381a1c5a1"
  integrity sha512-y1WhN+ERDZTh0qZ4SR+zotgsQUE1ysKnvBt1hvDRB2WRzYtVKQjn97HEPzoehh66Fj9LwNdlZh+p6TJatT0zzg==

"@octokit/oauth-methods@^2.0.0":
  version "2.0.4"
  resolved "https://registry.yarnpkg.com/@octokit/oauth-methods/-/oauth-methods-2.0.4.tgz#6abd9593ca7f91fe5068375a363bd70abd5516dc"
  integrity sha512-RDSa6XL+5waUVrYSmOlYROtPq0+cfwppP4VaQY/iIei3xlFb0expH6YNsxNrZktcLhJWSpm9uzeom+dQrXlS3A==
  dependencies:
    "@octokit/oauth-authorization-url" "^5.0.0"
    "@octokit/request" "^6.0.0"
    "@octokit/request-error" "^3.0.0"
    "@octokit/types" "^8.0.0"
    btoa-lite "^1.0.0"

"@octokit/openapi-types@^12.11.0":
  version "12.11.0"
  resolved "https://registry.yarnpkg.com/@octokit/openapi-types/-/openapi-types-12.11.0.tgz#da5638d64f2b919bca89ce6602d059f1b52d3ef0"
  integrity sha512-VsXyi8peyRq9PqIz/tpqiL2w3w80OgVMwBHltTml3LmVvXiphgeqmY9mvBw9Wu7e0QWk/fqD37ux8yP5uVekyQ==

"@octokit/openapi-types@^14.0.0":
  version "14.0.0"
  resolved "https://registry.yarnpkg.com/@octokit/openapi-types/-/openapi-types-14.0.0.tgz#949c5019028c93f189abbc2fb42f333290f7134a"
  integrity sha512-HNWisMYlR8VCnNurDU6os2ikx0s0VyEjDYHNS/h4cgb8DeOxQ0n72HyinUtdDVxJhFy3FWLGl0DJhfEWk3P5Iw==

"@octokit/plugin-paginate-rest@^5.0.0":
  version "5.0.1"
  resolved "https://registry.yarnpkg.com/@octokit/plugin-paginate-rest/-/plugin-paginate-rest-5.0.1.tgz#93d7e74f1f69d68ba554fa6b888c2a9cf1f99a83"
  integrity sha512-7A+rEkS70pH36Z6JivSlR7Zqepz3KVucEFVDnSrgHXzG7WLAzYwcHZbKdfTXHwuTHbkT1vKvz7dHl1+HNf6Qyw==
  dependencies:
    "@octokit/types" "^8.0.0"

"@octokit/plugin-rest-endpoint-methods@^6.0.0":
  version "6.7.0"
  resolved "https://registry.yarnpkg.com/@octokit/plugin-rest-endpoint-methods/-/plugin-rest-endpoint-methods-6.7.0.tgz#2f6f17f25b6babbc8b41d2bb0a95a8839672ce7c"
  integrity sha512-orxQ0fAHA7IpYhG2flD2AygztPlGYNAdlzYz8yrD8NDgelPfOYoRPROfEyIe035PlxvbYrgkfUZIhSBKju/Cvw==
  dependencies:
    "@octokit/types" "^8.0.0"
    deprecation "^2.3.1"

"@octokit/plugin-retry@^3.0.9":
  version "3.0.9"
  resolved "https://registry.yarnpkg.com/@octokit/plugin-retry/-/plugin-retry-3.0.9.tgz#ae625cca1e42b0253049102acd71c1d5134788fe"
  integrity sha512-r+fArdP5+TG6l1Rv/C9hVoty6tldw6cE2pRHNGmFPdyfrc696R6JjrQ3d7HdVqGwuzfyrcaLAKD7K8TX8aehUQ==
  dependencies:
    "@octokit/types" "^6.0.3"
    bottleneck "^2.15.3"

"@octokit/plugin-throttling@^4.0.1":
  version "4.3.1"
  resolved "https://registry.yarnpkg.com/@octokit/plugin-throttling/-/plugin-throttling-4.3.1.tgz#5266578b7b1538c3381970a7885c48b2954b8933"
  integrity sha512-ga+sUf99rY94QA1BvZdhBCDfNqSZc+6u7h7uI/13jWHh77SuJVmHYWpPuISEH01fRf8wWkKH4liMI3SUwTizxQ==
  dependencies:
    "@octokit/types" "^8.0.0"
    bottleneck "^2.15.3"

"@octokit/request-error@^3.0.0":
  version "3.0.2"
  resolved "https://registry.yarnpkg.com/@octokit/request-error/-/request-error-3.0.2.tgz#f74c0f163d19463b87528efe877216c41d6deb0a"
  integrity sha512-WMNOFYrSaX8zXWoJg9u/pKgWPo94JXilMLb2VManNOby9EZxrQaBe/QSC4a1TzpAlpxofg2X/jMnCyZgL6y7eg==
  dependencies:
    "@octokit/types" "^8.0.0"
    deprecation "^2.0.0"
    once "^1.4.0"

"@octokit/request@^6.0.0":
  version "6.2.2"
  resolved "https://registry.yarnpkg.com/@octokit/request/-/request-6.2.2.tgz#a2ba5ac22bddd5dcb3f539b618faa05115c5a255"
  integrity sha512-6VDqgj0HMc2FUX2awIs+sM6OwLgwHvAi4KCK3mT2H2IKRt6oH9d0fej5LluF5mck1lRR/rFWN0YIDSYXYSylbw==
  dependencies:
    "@octokit/endpoint" "^7.0.0"
    "@octokit/request-error" "^3.0.0"
    "@octokit/types" "^8.0.0"
    is-plain-object "^5.0.0"
    node-fetch "^2.6.7"
    universal-user-agent "^6.0.0"

"@octokit/types@^6.0.3":
  version "6.41.0"
  resolved "https://registry.yarnpkg.com/@octokit/types/-/types-6.41.0.tgz#e58ef78d78596d2fb7df9c6259802464b5f84a04"
  integrity sha512-eJ2jbzjdijiL3B4PrSQaSjuF2sPEQPVCPzBvTHJD9Nz+9dw2SGH4K4xeQJ77YfTq5bRQ+bD8wT11JbeDPmxmGg==
  dependencies:
    "@octokit/openapi-types" "^12.11.0"

"@octokit/types@^8.0.0":
  version "8.0.0"
  resolved "https://registry.yarnpkg.com/@octokit/types/-/types-8.0.0.tgz#93f0b865786c4153f0f6924da067fe0bb7426a9f"
  integrity sha512-65/TPpOJP1i3K4lBJMnWqPUJ6zuOtzhtagDvydAWbEXpbFYA0oMKKyLb95NFZZP0lSh/4b6K+DQlzvYQJQQePg==
  dependencies:
    "@octokit/openapi-types" "^14.0.0"

"@octokit/webhooks-methods@^3.0.0":
  version "3.0.1"
  resolved "https://registry.yarnpkg.com/@octokit/webhooks-methods/-/webhooks-methods-3.0.1.tgz#041ed0e5728cc076e375c372dd803ded5905535f"
  integrity sha512-XftYVcBxtzC2G05kdBNn9IYLtQ+Cz6ufKkjZd0DU/qGaZEFTPzM2OabXAWG5tvL0q/I+Exio1JnRiPfetiMSEw==

"@octokit/webhooks-types@6.5.0":
  version "6.5.0"
  resolved "https://registry.yarnpkg.com/@octokit/webhooks-types/-/webhooks-types-6.5.0.tgz#536a22edc816d307de0d2fc1e6303022453a50eb"
  integrity sha512-SNx1YKBvi9IQvXo/SQ0p+9OKO2HMdzpCWcKsYxpGW1tlkE9TojYiGnFfxcXddyrsK4mC1UiyXY8+NYjWjtkVmA==

"@octokit/webhooks@^10.0.0":
  version "10.3.0"
  resolved "https://registry.yarnpkg.com/@octokit/webhooks/-/webhooks-10.3.0.tgz#adb12f571f361388e9ad8abbb9df6f89cef52eb7"
  integrity sha512-6k4dNsTjNhoJNJ56RKkWCMXEj32Cgvy4hIsV3fhK60hKbEfI1/rkx7tF87Gqtf1Xg5UVQfFmYygaBPGQCr0TmQ==
  dependencies:
    "@octokit/request-error" "^3.0.0"
    "@octokit/webhooks-methods" "^3.0.0"
    "@octokit/webhooks-types" "6.5.0"
    aggregate-error "^3.1.0"

"@types/aws-lambda@^8.10.83":
  version "8.10.107"
  resolved "https://registry.yarnpkg.com/@types/aws-lambda/-/aws-lambda-8.10.107.tgz#ef08cc6ceb63d786d58038dbe4f5412db68bc12d"
  integrity sha512-UTI9ZPw4VzvgYUJ7gUU77/ovGrIniRRWiMWxms5dP+1fsxNPeP/cOopQ0mxXPc9NvbeROcDUDN34m8eEhdEitg==

"@types/btoa-lite@^1.0.0":
  version "1.0.0"
  resolved "https://registry.yarnpkg.com/@types/btoa-lite/-/btoa-lite-1.0.0.tgz#e190a5a548e0b348adb0df9ac7fa5f1151c7cca4"
  integrity sha512-wJsiX1tosQ+J5+bY5LrSahHxr2wT+uME5UDwdN1kg4frt40euqA+wzECkmq4t5QbveHiJepfdThgQrPw6KiSlg==

"@types/jsonwebtoken@^8.3.3":
  version "8.5.9"
  resolved "https://registry.yarnpkg.com/@types/jsonwebtoken/-/jsonwebtoken-8.5.9.tgz#2c064ecb0b3128d837d2764aa0b117b0ff6e4586"
  integrity sha512-272FMnFGzAVMGtu9tkr29hRL6bZj4Zs1KZNeHLnKqAvp06tAIcarTMwOh8/8bz4FmKRcMxZhZNeUAQsNLoiPhg==
  dependencies:
    "@types/node" "*"

"@types/lru-cache@^5.1.0":
  version "5.1.1"
  resolved "https://registry.yarnpkg.com/@types/lru-cache/-/lru-cache-5.1.1.tgz#c48c2e27b65d2a153b19bfc1a317e30872e01eef"
  integrity sha512-ssE3Vlrys7sdIzs5LOxCzTVMsU7i9oa/IaW92wF32JFb3CVczqOkru2xspuKczHEbG3nvmPY7IFqVmGGHdNbYw==

"@types/node@*", "@types/node@^18.11.0":
  version "18.11.0"
  resolved "https://registry.yarnpkg.com/@types/node/-/node-18.11.0.tgz#f38c7139247a1d619f6cc6f27b072606af7c289d"
  integrity sha512-IOXCvVRToe7e0ny7HpT/X9Rb2RYtElG1a+VshjwT00HxrM2dWBApHQoqsI6WiY7Q03vdf2bCrIGzVrkF/5t10w==

aggregate-error@^3.1.0:
  version "3.1.0"
  resolved "https://registry.yarnpkg.com/aggregate-error/-/aggregate-error-3.1.0.tgz#92670ff50f5359bdb7a3e0d40d0ec30c5737687a"
  integrity sha512-4I7Td01quW/RpocfNayFdFVk1qSuoh0E7JrbRJ16nH01HhKFQ88INq9Sd+nd72zqRySlr9BmDA8xlEJ6vJMrYA==
  dependencies:
    clean-stack "^2.0.0"
    indent-string "^4.0.0"

before-after-hook@^2.2.0:
  version "2.2.3"
  resolved "https://registry.yarnpkg.com/before-after-hook/-/before-after-hook-2.2.3.tgz#c51e809c81a4e354084422b9b26bad88249c517c"
  integrity sha512-NzUnlZexiaH/46WDhANlyR2bXRopNg4F/zuSA3OpZnllCUgRaOF2znDioDWrmbNVsuZk6l9pMquQB38cfBZwkQ==

bottleneck@^2.15.3:
  version "2.19.5"
  resolved "https://registry.yarnpkg.com/bottleneck/-/bottleneck-2.19.5.tgz#5df0b90f59fd47656ebe63c78a98419205cadd91"
  integrity sha512-VHiNCbI1lKdl44tGrhNfU3lup0Tj/ZBMJB5/2ZbNXRCPuRCO7ed2mgcK4r17y+KB2EfuYuRaVlwNbAeaWGSpbw==

btoa-lite@^1.0.0:
  version "1.0.0"
  resolved "https://registry.yarnpkg.com/btoa-lite/-/btoa-lite-1.0.0.tgz#337766da15801210fdd956c22e9c6891ab9d0337"
  integrity sha512-gvW7InbIyF8AicrqWoptdW08pUxuhq8BEgowNajy9RhiE86fmGAGl+bLKo6oB8QP0CkqHLowfN0oJdKC/J6LbA==

buffer-equal-constant-time@1.0.1:
  version "1.0.1"
  resolved "https://registry.yarnpkg.com/buffer-equal-constant-time/-/buffer-equal-constant-time-1.0.1.tgz#f8e71132f7ffe6e01a5c9697a4c6f3e48d5cc819"
  integrity sha512-zRpUiDwd/xk6ADqPMATG8vc9VPrkck7T07OIx0gnjmJAnHnTVXNQG3vfvWNuiZIkwu9KrKdA1iJKfsfTVxE6NA==

buffer-from@^1.0.0:
  version "1.1.2"
  resolved "https://registry.yarnpkg.com/buffer-from/-/buffer-from-1.1.2.tgz#2b146a6fd72e80b4f55d255f35ed59a3a9a41bd5"
  integrity sha512-E+XQCRwSbaaiChtv6k6Dwgc+bx+Bs6vuKJHHl5kox/BaKbhiXzqQOwK4cO22yElGp2OCmjwVhT3HmxgyPGnJfQ==

clean-stack@^2.0.0:
  version "2.2.0"
  resolved "https://registry.yarnpkg.com/clean-stack/-/clean-stack-2.2.0.tgz#ee8472dbb129e727b31e8a10a427dee9dfe4008b"
  integrity sha512-4diC9HaTE+KRAMWhDhrGOECgWZxoevMc5TlkObMqNSsVU62PYzXZ/SMTjzyGAFF1YusgxGcSWTEXBhp0CPwQ1A==

deprecation@^2.0.0, deprecation@^2.3.1:
  version "2.3.1"
  resolved "https://registry.yarnpkg.com/deprecation/-/deprecation-2.3.1.tgz#6368cbdb40abf3373b525ac87e4a260c3a700919"
  integrity sha512-xmHIy4F3scKVwMsQ4WnVaS8bHOx0DmVwRywosKhaILI0ywMDWPtBSku2HNxRvF7jtwDRsoEwYQSfbxj8b7RlJQ==

ecdsa-sig-formatter@1.0.11:
  version "1.0.11"
  resolved "https://registry.yarnpkg.com/ecdsa-sig-formatter/-/ecdsa-sig-formatter-1.0.11.tgz#ae0f0fa2d85045ef14a817daa3ce9acd0489e5bf"
  integrity sha512-nagl3RYrbNv6kQkeJIpt6NJZy8twLB/2vtz6yN9Z4vRKHN4/QZJIEbqohALSgwKdnksuY3k5Addp5lg8sVoVcQ==
  dependencies:
    safe-buffer "^5.0.1"

esbuild-android-64@0.15.11:
  version "0.15.11"
  resolved "https://registry.yarnpkg.com/esbuild-android-64/-/esbuild-android-64-0.15.11.tgz#50402129c3e85bb06434e212374c5f693e4c5f01"
  integrity sha512-rrwoXEiuI1kaw4k475NJpexs8GfJqQUKcD08VR8sKHmuW9RUuTR2VxcupVvHdiGh9ihxL9m3lpqB1kju92Ialw==

esbuild-android-arm64@0.15.11:
  version "0.15.11"
  resolved "https://registry.yarnpkg.com/esbuild-android-arm64/-/esbuild-android-arm64-0.15.11.tgz#49bee35218ea2ccf1a0c5f187af77c1c0a5dee71"
  integrity sha512-/hDubOg7BHOhUUsT8KUIU7GfZm5bihqssvqK5PfO4apag7YuObZRZSzViyEKcFn2tPeHx7RKbSBXvAopSHDZJQ==

esbuild-darwin-64@0.15.11:
  version "0.15.11"
  resolved "https://registry.yarnpkg.com/esbuild-darwin-64/-/esbuild-darwin-64-0.15.11.tgz#89a90c8cf6f0029ac4169bfedd012a0412c1575f"
  integrity sha512-1DqHD0ms3AhiwkKnjRUzmiW7JnaJJr5FKrPiR7xuyMwnjDqvNWDdMq4rKSD9OC0piFNK6n0LghsglNMe2MwJtA==

esbuild-darwin-arm64@0.15.11:
  version "0.15.11"
  resolved "https://registry.yarnpkg.com/esbuild-darwin-arm64/-/esbuild-darwin-arm64-0.15.11.tgz#556f4385c6de806cc81132dd7b8af00fe9d292df"
  integrity sha512-OMzhxSbS0lwwrW40HHjRCeVIJTURdXFA8c3GU30MlHKuPCcvWNUIKVucVBtNpJySXmbkQMDJdJNrXzNDyvoqvQ==

esbuild-freebsd-64@0.15.11:
  version "0.15.11"
  resolved "https://registry.yarnpkg.com/esbuild-freebsd-64/-/esbuild-freebsd-64-0.15.11.tgz#fd86fd1b3b65366048f35b996d9cdf3547384eee"
  integrity sha512-8dKP26r0/Qyez8nTCwpq60QbuYKOeBygdgOAWGCRalunyeqWRoSZj9TQjPDnTTI9joxd3QYw3UhVZTKxO9QdRg==

esbuild-freebsd-arm64@0.15.11:
  version "0.15.11"
  resolved "https://registry.yarnpkg.com/esbuild-freebsd-arm64/-/esbuild-freebsd-arm64-0.15.11.tgz#d346bcacfe9779ebc1a11edac1bdedeff6dda3b1"
  integrity sha512-aSGiODiukLGGnSg/O9+cGO2QxEacrdCtCawehkWYTt5VX1ni2b9KoxpHCT9h9Y6wGqNHmXFnB47RRJ8BIqZgmQ==

esbuild-linux-32@0.15.11:
  version "0.15.11"
  resolved "https://registry.yarnpkg.com/esbuild-linux-32/-/esbuild-linux-32-0.15.11.tgz#64b50e774bf75af7dcc6a73ad509f2eb0ac4487b"
  integrity sha512-lsrAfdyJBGx+6aHIQmgqUonEzKYeBnyfJPkT6N2dOf1RoXYYV1BkWB6G02tjsrz1d5wZzaTc3cF+TKmuTo/ZwA==

esbuild-linux-64@0.15.11:
  version "0.15.11"
  resolved "https://registry.yarnpkg.com/esbuild-linux-64/-/esbuild-linux-64-0.15.11.tgz#fba3a78b95769772863f8f6dc316abca55cf8416"
  integrity sha512-Y2Rh+PcyVhQqXKBTacPCltINN3uIw2xC+dsvLANJ1SpK5NJUtxv8+rqWpjmBgaNWKQT1/uGpMmA9olALy9PLVA==

esbuild-linux-arm64@0.15.11:
  version "0.15.11"
  resolved "https://registry.yarnpkg.com/esbuild-linux-arm64/-/esbuild-linux-arm64-0.15.11.tgz#c0cb31980eee066bfd39a4593660a0ecebe926cb"
  integrity sha512-uhcXiTwTmD4OpxJu3xC5TzAAw6Wzf9O1XGWL448EE9bqGjgV1j+oK3lIHAfsHnuIn8K4nDW8yjX0Sv5S++oRuw==

esbuild-linux-arm@0.15.11:
  version "0.15.11"
  resolved "https://registry.yarnpkg.com/esbuild-linux-arm/-/esbuild-linux-arm-0.15.11.tgz#7824d20099977aa671016c7de7a5038c9870010f"
  integrity sha512-TJllTVk5aSyqPFvvcHTvf6Wu1ZKhWpJ/qNmZO8LL/XeB+LXCclm7HQHNEIz6MT7IX8PmlC1BZYrOiw2sXSB95A==

esbuild-linux-mips64le@0.15.11:
  version "0.15.11"
  resolved "https://registry.yarnpkg.com/esbuild-linux-mips64le/-/esbuild-linux-mips64le-0.15.11.tgz#10627331c90164e553429ed25e025184bba485b6"
  integrity sha512-WD61y/R1M4BLe4gxXRypoQ0Ci+Vjf714QYzcPNkiYv5I8K8WDz2ZR8Bm6cqKxd6rD+e/rZgPDbhQ9PCf7TMHmA==

esbuild-linux-ppc64le@0.15.11:
  version "0.15.11"
  resolved "https://registry.yarnpkg.com/esbuild-linux-ppc64le/-/esbuild-linux-ppc64le-0.15.11.tgz#be42679a36a5246b893fc8b898135ebacb5a0a14"
  integrity sha512-JVleZS9oPVLTlBhPTWgOwxFWU/wMUdlBwTbGA4GF8c38sLbS13cupj+C8bLq929jU7EMWry4SaL+tKGIaTlqKg==

esbuild-linux-riscv64@0.15.11:
  version "0.15.11"
  resolved "https://registry.yarnpkg.com/esbuild-linux-riscv64/-/esbuild-linux-riscv64-0.15.11.tgz#3ac2f328e3db73cbff833ada94314d8e79503e54"
  integrity sha512-9aLIalZ2HFHIOZpmVU11sEAS9F8TnHw49daEjcgMpBXHFF57VuT9f9/9LKJhw781Gda0P9jDkuCWJ0tFbErvJw==

esbuild-linux-s390x@0.15.11:
  version "0.15.11"
  resolved "https://registry.yarnpkg.com/esbuild-linux-s390x/-/esbuild-linux-s390x-0.15.11.tgz#e774e0df061b6847d86783bf3c8c4300a72e03ad"
  integrity sha512-sZHtiXXOKsLI3XGBGoYO4qKBzJlb8xNsWmvFiwFMHFzA4AXgDP1KDp7Dawe9C2pavTRBDvl+Ok4n/DHQ59oaTg==

esbuild-netbsd-64@0.15.11:
  version "0.15.11"
  resolved "https://registry.yarnpkg.com/esbuild-netbsd-64/-/esbuild-netbsd-64-0.15.11.tgz#55e265fa4489e3f396b16c81f6f5a11d6ca2a9a4"
  integrity sha512-hUC9yN06K9sg7ju4Vgu9ChAPdsEgtcrcLfyNT5IKwKyfpLvKUwCMZSdF+gRD3WpyZelgTQfJ+pDx5XFbXTlB0A==

esbuild-openbsd-64@0.15.11:
  version "0.15.11"
  resolved "https://registry.yarnpkg.com/esbuild-openbsd-64/-/esbuild-openbsd-64-0.15.11.tgz#bc04103ccfd8c2f2241e1add0b51a095955b73c4"
  integrity sha512-0bBo9SQR4t66Wd91LGMAqmWorzO0TTzVjYiifwoFtel8luFeXuPThQnEm5ztN4g0fnvcp7AnUPPzS/Depf17wQ==

esbuild-sunos-64@0.15.11:
  version "0.15.11"
  resolved "https://registry.yarnpkg.com/esbuild-sunos-64/-/esbuild-sunos-64-0.15.11.tgz#ccd580305d31fde07b5c386da79c942aaf069013"
  integrity sha512-EuBdTGlsMTjEl1sQnBX2jfygy7iR6CKfvOzi+gEOfhDqbHXsmY1dcpbVtcwHAg9/2yUZSfMJHMAgf1z8M4yyyw==

esbuild-windows-32@0.15.11:
  version "0.15.11"
  resolved "https://registry.yarnpkg.com/esbuild-windows-32/-/esbuild-windows-32-0.15.11.tgz#40fe1d48f9b20a76f6db5109aaaf1511aed58c71"
  integrity sha512-O0/Wo1Wk6dc0rZSxkvGpmTNIycEznHmkObTFz2VHBhjPsO4ZpCgfGxNkCpz4AdAIeMczpTXt/8d5vdJNKEGC+Q==

esbuild-windows-64@0.15.11:
  version "0.15.11"
  resolved "https://registry.yarnpkg.com/esbuild-windows-64/-/esbuild-windows-64-0.15.11.tgz#80c58b1ef2ff030c78e3a06e7a922776cc4cb687"
  integrity sha512-x977Q4HhNjnHx00b4XLAnTtj5vfbdEvkxaQwC1Zh5AN8g5EX+izgZ6e5QgqJgpzyRNJqh4hkgIJF1pyy1be0mQ==

esbuild-windows-arm64@0.15.11:
  version "0.15.11"
  resolved "https://registry.yarnpkg.com/esbuild-windows-arm64/-/esbuild-windows-arm64-0.15.11.tgz#018624023b5c3f0cca334cc99f5ef7134d396333"
  integrity sha512-VwUHFACuBahrvntdcMKZteUZ9HaYrBRODoKe4tIWxguQRvvYoYb7iu5LrcRS/FQx8KPZNaa72zuqwVtHeXsITw==

esbuild@~0.15.10:
  version "0.15.11"
  resolved "https://registry.yarnpkg.com/esbuild/-/esbuild-0.15.11.tgz#524d48612a9aa7edc1753c83459cb6fcae0cb66e"
  integrity sha512-OgHGuhlfZ//mToxjte1D5iiiQgWfJ2GByVMwEC/IuoXsBGkuyK1+KrjYu0laSpnN/L1UmLUCv0s25vObdc1bVg==
  optionalDependencies:
    "@esbuild/android-arm" "0.15.11"
    "@esbuild/linux-loong64" "0.15.11"
    esbuild-android-64 "0.15.11"
    esbuild-android-arm64 "0.15.11"
    esbuild-darwin-64 "0.15.11"
    esbuild-darwin-arm64 "0.15.11"
    esbuild-freebsd-64 "0.15.11"
    esbuild-freebsd-arm64 "0.15.11"
    esbuild-linux-32 "0.15.11"
    esbuild-linux-64 "0.15.11"
    esbuild-linux-arm "0.15.11"
    esbuild-linux-arm64 "0.15.11"
    esbuild-linux-mips64le "0.15.11"
    esbuild-linux-ppc64le "0.15.11"
    esbuild-linux-riscv64 "0.15.11"
    esbuild-linux-s390x "0.15.11"
    esbuild-netbsd-64 "0.15.11"
    esbuild-openbsd-64 "0.15.11"
    esbuild-sunos-64 "0.15.11"
    esbuild-windows-32 "0.15.11"
    esbuild-windows-64 "0.15.11"
    esbuild-windows-arm64 "0.15.11"

fromentries@^1.3.1:
  version "1.3.2"
  resolved "https://registry.yarnpkg.com/fromentries/-/fromentries-1.3.2.tgz#e4bca6808816bf8f93b52750f1127f5a6fd86e3a"
  integrity sha512-cHEpEQHUg0f8XdtZCc2ZAhrHzKzT0MrFUTcvx+hfxYu7rGMDc5SKoXFh+n4YigxsHXRzc6OrCshdR1bWH6HHyg==

fsevents@~2.3.2:
  version "2.3.2"
  resolved "https://registry.yarnpkg.com/fsevents/-/fsevents-2.3.2.tgz#8a526f78b8fdf4623b709e0b975c52c24c02fd1a"
  integrity sha512-xiqMQR4xAeHTuB9uWm+fFRcIOgKBMiOBP+eXiyT7jsgVCq1bkVygt00oASowB7EdtpOHaaPgKt812P9ab+DDKA==

get-tsconfig@^4.2.0:
  version "4.2.0"
  resolved "https://registry.yarnpkg.com/get-tsconfig/-/get-tsconfig-4.2.0.tgz#ff368dd7104dab47bf923404eb93838245c66543"
  integrity sha512-X8u8fREiYOE6S8hLbq99PeykTDoLVnxvF4DjWKJmz9xy2nNRdUcV8ZN9tniJFeKyTU3qnC9lL8n4Chd6LmVKHg==

indent-string@^4.0.0:
  version "4.0.0"
  resolved "https://registry.yarnpkg.com/indent-string/-/indent-string-4.0.0.tgz#624f8f4497d619b2d9768531d58f4122854d7251"
  integrity sha512-EdDDZu4A2OyIK7Lr/2zG+w5jmbuk1DVBnEwREQvBzspBJkCEbRa8GxU1lghYcaGJCnRWibjDXlq779X1/y5xwg==

is-plain-object@^5.0.0:
  version "5.0.0"
  resolved "https://registry.yarnpkg.com/is-plain-object/-/is-plain-object-5.0.0.tgz#4427f50ab3429e9025ea7d52e9043a9ef4159344"
  integrity sha512-VRSzKkbMm5jMDoKLbltAkFQ5Qr7VDiTFGXxYFXXowVj387GeGNOCsOH6Msy00SGZ3Fp84b1Naa1psqgcCIEP5Q==

jsonwebtoken@^8.5.1:
  version "8.5.1"
  resolved "https://registry.yarnpkg.com/jsonwebtoken/-/jsonwebtoken-8.5.1.tgz#00e71e0b8df54c2121a1f26137df2280673bcc0d"
  integrity sha512-XjwVfRS6jTMsqYs0EsuJ4LGxXV14zQybNd4L2r0UvbVnSF9Af8x7p5MzbJ90Ioz/9TI41/hTCvznF/loiSzn8w==
  dependencies:
    jws "^3.2.2"
    lodash.includes "^4.3.0"
    lodash.isboolean "^3.0.3"
    lodash.isinteger "^4.0.4"
    lodash.isnumber "^3.0.3"
    lodash.isplainobject "^4.0.6"
    lodash.isstring "^4.0.1"
    lodash.once "^4.0.0"
    ms "^2.1.1"
    semver "^5.6.0"

jwa@^1.4.1:
  version "1.4.1"
  resolved "https://registry.yarnpkg.com/jwa/-/jwa-1.4.1.tgz#743c32985cb9e98655530d53641b66c8645b039a"
  integrity sha512-qiLX/xhEEFKUAJ6FiBMbes3w9ATzyk5W7Hvzpa/SLYdxNtng+gcurvrI7TbACjIXlsJyr05/S1oUhZrc63evQA==
  dependencies:
    buffer-equal-constant-time "1.0.1"
    ecdsa-sig-formatter "1.0.11"
    safe-buffer "^5.0.1"

jws@^3.2.2:
  version "3.2.2"
  resolved "https://registry.yarnpkg.com/jws/-/jws-3.2.2.tgz#001099f3639468c9414000e99995fa52fb478304"
  integrity sha512-YHlZCB6lMTllWDtSPHz/ZXTsi8S00usEV6v1tjq8tOUZzw7DpSDWVXjXDre6ed1w/pd495ODpHZYSdkRTsa0HA==
  dependencies:
    jwa "^1.4.1"
    safe-buffer "^5.0.1"

lodash.includes@^4.3.0:
  version "4.3.0"
  resolved "https://registry.yarnpkg.com/lodash.includes/-/lodash.includes-4.3.0.tgz#60bb98a87cb923c68ca1e51325483314849f553f"
  integrity sha512-W3Bx6mdkRTGtlJISOvVD/lbqjTlPPUDTMnlXZFnVwi9NKJ6tiAk6LVdlhZMm17VZisqhKcgzpO5Wz91PCt5b0w==

lodash.isboolean@^3.0.3:
  version "3.0.3"
  resolved "https://registry.yarnpkg.com/lodash.isboolean/-/lodash.isboolean-3.0.3.tgz#6c2e171db2a257cd96802fd43b01b20d5f5870f6"
  integrity sha512-Bz5mupy2SVbPHURB98VAcw+aHh4vRV5IPNhILUCsOzRmsTmSQ17jIuqopAentWoehktxGd9e/hbIXq980/1QJg==

lodash.isinteger@^4.0.4:
  version "4.0.4"
  resolved "https://registry.yarnpkg.com/lodash.isinteger/-/lodash.isinteger-4.0.4.tgz#619c0af3d03f8b04c31f5882840b77b11cd68343"
  integrity sha512-DBwtEWN2caHQ9/imiNeEA5ys1JoRtRfY3d7V9wkqtbycnAmTvRRmbHKDV4a0EYc678/dia0jrte4tjYwVBaZUA==

lodash.isnumber@^3.0.3:
  version "3.0.3"
  resolved "https://registry.yarnpkg.com/lodash.isnumber/-/lodash.isnumber-3.0.3.tgz#3ce76810c5928d03352301ac287317f11c0b1ffc"
  integrity sha512-QYqzpfwO3/CWf3XP+Z+tkQsfaLL/EnUlXWVkIk5FUPc4sBdTehEqZONuyRt2P67PXAk+NXmTBcc97zw9t1FQrw==

lodash.isplainobject@^4.0.6:
  version "4.0.6"
  resolved "https://registry.yarnpkg.com/lodash.isplainobject/-/lodash.isplainobject-4.0.6.tgz#7c526a52d89b45c45cc690b88163be0497f550cb"
  integrity sha512-oSXzaWypCMHkPC3NvBEaPHf0KsA5mvPrOPgQWDsbg8n7orZ290M0BmC/jgRZ4vcJ6DTAhjrsSYgdsW/F+MFOBA==

lodash.isstring@^4.0.1:
  version "4.0.1"
  resolved "https://registry.yarnpkg.com/lodash.isstring/-/lodash.isstring-4.0.1.tgz#d527dfb5456eca7cc9bb95d5daeaf88ba54a5451"
  integrity sha512-0wJxfxH1wgO3GrbuP+dTTk7op+6L41QCXbGINEmD+ny/G/eCqGzxyCsh7159S+mgDDcoarnBw6PC1PS5+wUGgw==

lodash.once@^4.0.0:
  version "4.1.1"
  resolved "https://registry.yarnpkg.com/lodash.once/-/lodash.once-4.1.1.tgz#0dd3971213c7c56df880977d504c88fb471a97ac"
  integrity sha512-Sb487aTOCr9drQVL8pIxOzVhafOjZN9UU54hiN8PU3uAiSV7lx1yYNpbNmex2PK6dSJoNTSJUUswT651yww3Mg==

lru-cache@^6.0.0:
  version "6.0.0"
  resolved "https://registry.yarnpkg.com/lru-cache/-/lru-cache-6.0.0.tgz#6d6fe6570ebd96aaf90fcad1dafa3b2566db3a94"
  integrity sha512-Jo6dJ04CmSjuznwJSS3pUeWmd/H0ffTlkXXgwZi+eq1UCmqQwCh+eLsYOYCwY991i2Fah4h1BEMCx4qThGbsiA==
  dependencies:
    yallist "^4.0.0"

ms@^2.1.1:
  version "2.1.3"
  resolved "https://registry.yarnpkg.com/ms/-/ms-2.1.3.tgz#574c8138ce1d2b5861f0b44579dbadd60c6615b2"
  integrity sha512-6FlzubTLZG3J2a/NVCAleEhjzq5oxgHyaCU9yYXvcLsvoVaHJq/s5xXI6/XXP6tz7R9xAOtHnSO/tXtF3WRTlA==

node-fetch@^2.6.7:
  version "2.6.7"
  resolved "https://registry.yarnpkg.com/node-fetch/-/node-fetch-2.6.7.tgz#24de9fba827e3b4ae44dc8b20256a379160052ad"
  integrity sha512-ZjMPFEfVx5j+y2yF35Kzx5sF7kDzxuDj6ziH4FFbOp87zKDZNx8yExJIb05OGF4Nlt9IHFIMBkRl41VdvcNdbQ==
  dependencies:
    whatwg-url "^5.0.0"

octokit@^2.0.9:
  version "2.0.9"
  resolved "https://registry.yarnpkg.com/octokit/-/octokit-2.0.9.tgz#70cac49ab110ca02470be7345b082087fe2e41ee"
  integrity sha512-+4XOeV1pvr5aVdlrj/WGl8VE6yJHt/XAPr/x4+gRQFp1p8l0Wu/w3ZIvlIpnPJFx5yiHrVWHd5syPLWOip89LQ==
  dependencies:
    "@octokit/app" "^13.0.5"
    "@octokit/core" "^4.0.4"
    "@octokit/oauth-app" "^4.0.6"
    "@octokit/plugin-paginate-rest" "^5.0.0"
    "@octokit/plugin-rest-endpoint-methods" "^6.0.0"
    "@octokit/plugin-retry" "^3.0.9"
    "@octokit/plugin-throttling" "^4.0.1"
    "@octokit/types" "^8.0.0"

once@^1.4.0:
  version "1.4.0"
  resolved "https://registry.yarnpkg.com/once/-/once-1.4.0.tgz#583b1aa775961d4b113ac17d9c50baef9dd76bd1"
  integrity sha512-lNaJgI+2Q5URQBkccEKHTQOPaXdUxnZZElQTZY0MFUAuaEqe1E+Nyvgdz/aIyNi6Z9MzO5dv1H8n58/GELp3+w==
  dependencies:
    wrappy "1"

safe-buffer@^5.0.1:
  version "5.2.1"
  resolved "https://registry.yarnpkg.com/safe-buffer/-/safe-buffer-5.2.1.tgz#1eaf9fa9bdb1fdd4ec75f58f9cdb4e6b7827eec6"
  integrity sha512-rp3So07KcdmmKbGvgaNxQSJr7bGVSVk5S9Eq1F+ppbRo70+YeaDxkw5Dd8NPN+GD6bjnYm2VuPuCXmpuYvmCXQ==

semver@^5.6.0:
  version "5.7.1"
  resolved "https://registry.yarnpkg.com/semver/-/semver-5.7.1.tgz#a954f931aeba508d307bbf069eff0c01c96116f7"
  integrity sha512-sauaDf/PZdVgrLTNYHRtpXa1iRiKcaebiKQ1BJdpQlWH2lCvexQdX55snPFyK7QzpudqbCI0qXFfOasHdyNDGQ==

source-map-support@^0.5.21:
  version "0.5.21"
  resolved "https://registry.yarnpkg.com/source-map-support/-/source-map-support-0.5.21.tgz#04fe7c7f9e1ed2d662233c28cb2b35b9f63f6e4f"
  integrity sha512-uBHU3L3czsIyYXKX88fdrGovxdSCoTGDRZ6SYXtSRxLZUzHg5P/66Ht6uoUlHu9EZod+inXhKo3qQgwXUT/y1w==
  dependencies:
    buffer-from "^1.0.0"
    source-map "^0.6.0"

source-map@^0.6.0:
  version "0.6.1"
  resolved "https://registry.yarnpkg.com/source-map/-/source-map-0.6.1.tgz#74722af32e9614e9c287a8d0bbde48b5e2f1a263"
  integrity sha512-UjgapumWlbMhkBgzT7Ykc5YXUT46F0iKu8SGXq0bcwP5dz/h0Plj6enJqjz1Zbq2l5WaqYnrVbwWOWMyF3F47g==

tr46@~0.0.3:
  version "0.0.3"
  resolved "https://registry.yarnpkg.com/tr46/-/tr46-0.0.3.tgz#8184fd347dac9cdc185992f3a6622e14b9d9ab6a"
  integrity sha512-N3WMsuqV66lT30CrXNbEjx4GEwlow3v6rr4mCcv6prnfwhS01rkgyFdjPNBYd9br7LpXV1+Emh01fHnq2Gdgrw==

tsx@^3.10.3:
  version "3.10.3"
  resolved "https://registry.yarnpkg.com/tsx/-/tsx-3.10.3.tgz#33e5324dcde3b40fd2ab37b8dd1be820ad38f04b"
  integrity sha512-yni2/n09VMOihGw6fCTKAowvQZ7BOWRVlpW9RnJPDakoHqHIlpxWieUUr5fnQa3zWoR1Jb902Un4Bv/JsKQ4RQ==
  dependencies:
    "@esbuild-kit/cjs-loader" "^2.4.0"
    "@esbuild-kit/core-utils" "^3.0.0"
    "@esbuild-kit/esm-loader" "^2.5.0"
  optionalDependencies:
    fsevents "~2.3.2"

typescript@^4.8.4:
  version "4.8.4"
  resolved "https://registry.yarnpkg.com/typescript/-/typescript-4.8.4.tgz#c464abca159669597be5f96b8943500b238e60e6"
  integrity sha512-QCh+85mCy+h0IGff8r5XWzOVSbBO+KfeYrMQh7NJ58QujwcE22u+NUSmUxqF+un70P9GXKxa2HCNiTTMJknyjQ==

universal-github-app-jwt@^1.0.1:
  version "1.1.0"
  resolved "https://registry.yarnpkg.com/universal-github-app-jwt/-/universal-github-app-jwt-1.1.0.tgz#0abaa876101cdf1d3e4c546be2768841c0c1b514"
  integrity sha512-3b+ocAjjz4JTyqaOT+NNBd5BtTuvJTxWElIoeHSVelUV9J3Jp7avmQTdLKCaoqi/5Ox2o/q+VK19TJ233rVXVQ==
  dependencies:
    "@types/jsonwebtoken" "^8.3.3"
    jsonwebtoken "^8.5.1"

universal-user-agent@^6.0.0:
  version "6.0.0"
  resolved "https://registry.yarnpkg.com/universal-user-agent/-/universal-user-agent-6.0.0.tgz#3381f8503b251c0d9cd21bc1de939ec9df5480ee"
  integrity sha512-isyNax3wXoKaulPDZWHQqbmIx1k2tb9fb3GGDBRxCscfYV2Ch7WxPArBsFEG8s/safwXTT7H4QGhaIkTp9447w==

webidl-conversions@^3.0.0:
  version "3.0.1"
  resolved "https://registry.yarnpkg.com/webidl-conversions/-/webidl-conversions-3.0.1.tgz#24534275e2a7bc6be7bc86611cc16ae0a5654871"
  integrity sha512-2JAn3z8AR6rjK8Sm8orRC0h/bcl/DqL7tRPdGZ4I1CjdF+EaMLmYxBHyXuKL849eucPFhvBoxMsflfOb8kxaeQ==

whatwg-url@^5.0.0:
  version "5.0.0"
  resolved "https://registry.yarnpkg.com/whatwg-url/-/whatwg-url-5.0.0.tgz#966454e8765462e37644d3626f6742ce8b70965d"
  integrity sha512-saE57nupxk6v3HY35+jzBwYa0rKSy0XR8JSxZPwgLr7ys0IBzhGviA1/TUGJLmSVqs8pb9AnvICXEuOHLprYTw==
  dependencies:
    tr46 "~0.0.3"
    webidl-conversions "^3.0.0"

wrappy@1:
  version "1.0.2"
  resolved "https://registry.yarnpkg.com/wrappy/-/wrappy-1.0.2.tgz#b5243d8f3ec1aa35f1364605bc0d1036e30ab69f"
  integrity sha512-l4Sp/DRseor9wL6EvV2+TuQn63dMkPjZ/sp9XkghTEbV9KlPS1xUsZ3u7/IQO4wxtcFB4bgpQPRcR3QCvezPcQ==

yallist@^4.0.0:
  version "4.0.0"
  resolved "https://registry.yarnpkg.com/yallist/-/yallist-4.0.0.tgz#9bb92790d9c0effec63be73519e11a35019a3a72"
  integrity sha512-3wdGidZyq5PB084XLES5TpOSRA3wjXAlIWMhum2kRcv/41Sn2emQ0dycQW4uZXLejwKvg6EsvbdlVL+FYEct7A==
